<?xml version="1.0" encoding="utf-8"?>
<Project ToolsVersion="4.0" xmlns="http://schemas.microsoft.com/developer/msbuild/2003">
  <ItemGroup>
    <Filter Include="Source Files">
      <UniqueIdentifier>{4FC737F1-C7A5-4376-A066-2A32D752A2FF}</UniqueIdentifier>
      <Extensions>cpp;c;cc;cxx;c++;cppm;ixx;def;odl;idl;hpj;bat;asm;asmx</Extensions>
    </Filter>
    <Filter Include="Header Files">
      <UniqueIdentifier>{93995380-89BD-4b04-88EB-625FBE52EBFB}</UniqueIdentifier>
      <Extensions>h;hh;hpp;hxx;h++;hm;inl;inc;ipp;xsd</Extensions>
    </Filter>
    <Filter Include="Resource Files">
      <UniqueIdentifier>{67DA6AB6-F800-4c08-8B7A-83BB121AAD01}</UniqueIdentifier>
      <Extensions>rc;ico;cur;bmp;dlg;rc2;rct;bin;rgs;gif;jpg;jpeg;jpe;resx;tiff;tif;png;wav;mfcribbon-ms</Extensions>
    </Filter>
    <Filter Include="Header Files\common">
      <UniqueIdentifier>{169f1461-e464-4491-9bac-2debd0ad48a8}</UniqueIdentifier>
    </Filter>
    <Filter Include="Header Files\common\klib">
      <UniqueIdentifier>{b8468b42-d2c8-409c-bfe5-d1776ba928b9}</UniqueIdentifier>
    </Filter>
    <Filter Include="Source Files\common">
      <UniqueIdentifier>{fb18e52f-3c18-4fd8-9540-a422a4f84953}</UniqueIdentifier>
    </Filter>
    <Filter Include="Source Files\common\klib">
      <UniqueIdentifier>{e66bdea0-8e0c-4027-a536-44ca21a14a15}</UniqueIdentifier>
    </Filter>
    <Filter Include="Header Files\levels">
      <UniqueIdentifier>{614eb7e1-0b72-4c59-90a8-a3f3bae2044f}</UniqueIdentifier>
    </Filter>
    <Filter Include="Source Files\levels">
      <UniqueIdentifier>{99c95e00-ba1c-4630-900a-6f72848783cf}</UniqueIdentifier>
    </Filter>
    <Filter Include="Header Files\gfx">
      <UniqueIdentifier>{1a1707b3-f149-4a68-aab6-f53b44b11f15}</UniqueIdentifier>
    </Filter>
    <Filter Include="Source Files\gfx">
      <UniqueIdentifier>{ffe4a4cc-629a-407a-a209-4bc457a5a1a3}</UniqueIdentifier>
    </Filter>
    <Filter Include="Header Files\skc_windows">
      <UniqueIdentifier>{a66e1f5c-537f-48a3-8c7a-539f43b29c64}</UniqueIdentifier>
    </Filter>
    <Filter Include="Source Files\skc_windows">
      <UniqueIdentifier>{9a81b9f9-e354-4bd9-bf18-477b7b0a1a87}</UniqueIdentifier>
    </Filter>
    <Filter Include="Header Files\skc_constants">
      <UniqueIdentifier>{944aae0d-cd97-4886-b6f2-d3c414f65ce2}</UniqueIdentifier>
    </Filter>
    <Filter Include="Header Files\common\pugixml">
      <UniqueIdentifier>{06de47fa-bf39-462a-a7cd-bc131152c2d3}</UniqueIdentifier>
    </Filter>
    <Filter Include="Source Files\common\pugixml">
      <UniqueIdentifier>{3e0a1694-de96-41a8-832a-c28a190c553f}</UniqueIdentifier>
    </Filter>
  </ItemGroup>
  <ItemGroup>
    <ClInclude Include="source\common\klib\klib_file.h">
      <Filter>Header Files\common\klib</Filter>
    </ClInclude>
    <ClInclude Include="source\SKC_Level.h">
      <Filter>Header Files\levels</Filter>
    </ClInclude>
    <ClInclude Include="source\common\klib\NES_Palette.h">
      <Filter>Header Files\common\klib</Filter>
    </ClInclude>
    <ClInclude Include="source\common\klib\NES_Gfx_tile.h">
      <Filter>Header Files\common\klib</Filter>
    </ClInclude>
    <ClInclude Include="source\SKC_Gfx.h">
      <Filter>Header Files\gfx</Filter>
    </ClInclude>
    <ClInclude Include="source\skc_windows\SKC_Main_window.h">
      <Filter>Header Files\skc_windows</Filter>
    </ClInclude>
    <ClInclude Include="source\common\klib\klib_gfx.h">
      <Filter>Header Files\common\klib</Filter>
    </ClInclude>
    <ClInclude Include="source\common\klib\klib_util.h">
      <Filter>Header Files\common\klib</Filter>
    </ClInclude>
    <ClInclude Include="source\common\klib\Timer.h">
      <Filter>Header Files\common\klib</Filter>
    </ClInclude>
    <ClInclude Include="source\common\klib\User_input.h">
      <Filter>Header Files\common\klib</Filter>
    </ClInclude>
    <ClInclude Include="source\skc_constants\Constants_xml.h">
      <Filter>Header Files\skc_constants</Filter>
    </ClInclude>
    <ClInclude Include="source\skc_constants\Constants_application.h">
      <Filter>Header Files\skc_constants</Filter>
    </ClInclude>
    <ClInclude Include="source\common\pugixml\pugiconfig.hpp">
      <Filter>Header Files\common\pugixml</Filter>
    </ClInclude>
    <ClInclude Include="source\common\pugixml\pugixml.hpp">
      <Filter>Header Files\common\pugixml</Filter>
    </ClInclude>
  </ItemGroup>
  <ItemGroup>
    <ClCompile Include="source\common\klib\klib_file.cpp">
      <Filter>Source Files\common\klib</Filter>
    </ClCompile>
    <ClCompile Include="source\main.cpp">
      <Filter>Source Files</Filter>
    </ClCompile>
    <ClCompile Include="source\SKC_Level.cpp">
      <Filter>Source Files\levels</Filter>
    </ClCompile>
    <ClCompile Include="source\common\klib\NES_Palette.cpp">
      <Filter>Source Files\common\klib</Filter>
    </ClCompile>
    <ClCompile Include="source\common\klib\NES_Gfx_tile.cpp">
      <Filter>Source Files\common\klib</Filter>
    </ClCompile>
    <ClCompile Include="source\SKC_Gfx.cpp">
      <Filter>Source Files\gfx</Filter>
    </ClCompile>
    <ClCompile Include="source\skc_windows\SKC_Main_window.cpp">
      <Filter>Source Files\skc_windows</Filter>
    </ClCompile>
    <ClCompile Include="source\common\klib\klib_gfx.cpp">
      <Filter>Source Files\common\klib</Filter>
    </ClCompile>
    <ClCompile Include="source\common\klib\Timer.cpp">
      <Filter>Source Files\common\klib</Filter>
    </ClCompile>
    <ClCompile Include="source\common\klib\User_input.cpp">
      <Filter>Source Files\common\klib</Filter>
    </ClCompile>
    <ClCompile Include="source\common\pugixml\pugixml.cpp">
      <Filter>Source Files\common\pugixml</Filter>
    </ClCompile>
  </ItemGroup>
</Project>